
Microsoft Visual Studio Solution File, Format Version 12.00
# Visual Studio Version 17
VisualStudioVersion = 17.8.34330.188
MinimumVisualStudioVersion = 10.0.40219.1
Project("{FAE04EC0-301F-11D3-BF4B-00C04F79EFBC}") = "Web API", "Web API.csproj", "{56F48432-DD99-4A77-8BE3-955328E44FAE}"
EndProject
Global
	GlobalSection(SolutionConfigurationPlatforms) = preSolution
		Debug|Any CPU = Debug|Any CPU
		Release|Any CPU = Release|Any CPU
	EndGlobalSection
	GlobalSection(ProjectConfigurationPlatforms) = postSolution
		{56F48432-DD99-4A77-8BE3-955328E44FAE}.Debug|Any CPU.ActiveCfg = Debug|Any CPU
		{56F48432-DD99-4A77-8BE3-955328E44FAE}.Debug|Any CPU.Build.0 = Debug|Any CPU
		{56F48432-DD99-4A77-8BE3-955328E44FAE}.Release|Any CPU.ActiveCfg = Release|Any CPU
		{56F48432-DD99-4A77-8BE3-955328E44FAE}.Release|Any CPU.Build.0 = Release|Any CPU
	EndGlobalSection
	GlobalSection(SolutionProperties) = preSolution
		HideSolutionNode = FALSE
	EndGlobalSection
	GlobalSection(ExtensibilityGlobals) = postSolution
		SolutionGuid = {1C348AEA-F550-473D-9D84-AFAD3518CAB3}
	EndGlobalSection
EndGlobal
